
Microsoft Visual Studio Solution File, Format Version 12.00
# Visual Studio Version 16
VisualStudioVersion = 16.0.30225.117
MinimumVisualStudioVersion = 10.0.40219.1
Project("{8BC9CEB8-8B4A-11D0-8D11-00A0C91BC942}") = "MyAPP1", "MyAPP1\MyAPP1.vcxproj", "{ABE24260-98EA-40F8-B330-F0723C3477DA}"
EndProject
Global
	GlobalSection(SolutionConfigurationPlatforms) = preSolution
		Debug|x64 = Debug|x64
		Debug|x86 = Debug|x86
		Release|x64 = Release|x64
		Release|x86 = Release|x86
	EndGlobalSection
	GlobalSection(ProjectConfigurationPlatforms) = postSolution
		{ABE24260-98EA-40F8-B330-F0723C3477DA}.Debug|x64.ActiveCfg = Debug|x64
		{ABE24260-98EA-40F8-B330-F0723C3477DA}.Debug|x64.Build.0 = Debug|x64
		{ABE24260-98EA-40F8-B330-F0723C3477DA}.Debug|x86.ActiveCfg = Debug|Win32
		{ABE24260-98EA-40F8-B330-F0723C3477DA}.Debug|x86.Build.0 = Debug|Win32
		{ABE24260-98EA-40F8-B330-F0723C3477DA}.Release|x64.ActiveCfg = Release|x64
		{ABE24260-98EA-40F8-B330-F0723C3477DA}.Release|x64.Build.0 = Release|x64
		{ABE24260-98EA-40F8-B330-F0723C3477DA}.Release|x86.ActiveCfg = Release|Win32
		{ABE24260-98EA-40F8-B330-F0723C3477DA}.Release|x86.Build.0 = Release|Win32
	EndGlobalSection
	GlobalSection(SolutionProperties) = preSolution
		HideSolutionNode = FALSE
	EndGlobalSection
	GlobalSection(ExtensibilityGlobals) = postSolution
		SolutionGuid = {BA7E4458-C250-4247-BB67-D142F9DC7204}
	EndGlobalSection
EndGlobal
